
Microsoft Visual Studio Solution File, Format Version 12.00
# Visual Studio 14
VisualStudioVersion = 14.0.24720.0
MinimumVisualStudioVersion = 10.0.40219.1
Project("{FAE04EC0-301F-11D3-BF4B-00C04F79EFBC}") = "ReactTutorialTypeScriptVerApp", "ReactTutorialTypeScriptVerApp\ReactTutorialTypeScriptVerApp.csproj", "{A8EE4967-5554-4DBB-A8FF-2D0EFA151B69}"
EndProject
Global
	GlobalSection(SolutionConfigurationPlatforms) = preSolution
		Debug|Any CPU = Debug|Any CPU
		Release|Any CPU = Release|Any CPU
	EndGlobalSection
	GlobalSection(ProjectConfigurationPlatforms) = postSolution
		{A8EE4967-5554-4DBB-A8FF-2D0EFA151B69}.Debug|Any CPU.ActiveCfg = Debug|Any CPU
		{A8EE4967-5554-4DBB-A8FF-2D0EFA151B69}.Debug|Any CPU.Build.0 = Debug|Any CPU
		{A8EE4967-5554-4DBB-A8FF-2D0EFA151B69}.Release|Any CPU.ActiveCfg = Release|Any CPU
		{A8EE4967-5554-4DBB-A8FF-2D0EFA151B69}.Release|Any CPU.Build.0 = Release|Any CPU
	EndGlobalSection
	GlobalSection(SolutionProperties) = preSolution
		HideSolutionNode = FALSE
	EndGlobalSection
EndGlobal
